
Microsoft Visual Studio Solution File, Format Version 12.00
# Visual Studio 14
VisualStudioVersion = 14.0.25420.1
MinimumVisualStudioVersion = 10.0.40219.1
Project("{FAE04EC0-301F-11D3-BF4B-00C04F79EFBC}") = "ShopPrototype.Modules", "ShopPrototype.Modules\ShopPrototype.Modules.csproj", "{B70D5EAF-65A6-431E-8361-655998CD71BF}"
EndProject
Project("{FAE04EC0-301F-11D3-BF4B-00C04F79EFBC}") = "ShopPrototype.Front.Classic", "ShopPrototype.Front.Classic\ShopPrototype.Front.Classic.csproj", "{4768ADED-8205-4713-A479-C82706040D05}"
EndProject
Project("{FAE04EC0-301F-11D3-BF4B-00C04F79EFBC}") = "ShopPrototype.DataAccess.EF", "ShopPrototype.DataAccess.EF\ShopPrototype.DataAccess.EF.csproj", "{246D385E-60D3-4B9B-BEEE-5662FB5D9189}"
EndProject
Project("{FAE04EC0-301F-11D3-BF4B-00C04F79EFBC}") = "TestLoader", "TestLoader\TestLoader.csproj", "{3D9AAE5C-7068-486E-B073-7011E7C43C6F}"
EndProject
Global
	GlobalSection(SolutionConfigurationPlatforms) = preSolution
		Debug|Any CPU = Debug|Any CPU
		Release|Any CPU = Release|Any CPU
	EndGlobalSection
	GlobalSection(ProjectConfigurationPlatforms) = postSolution
		{B70D5EAF-65A6-431E-8361-655998CD71BF}.Debug|Any CPU.ActiveCfg = Debug|Any CPU
		{B70D5EAF-65A6-431E-8361-655998CD71BF}.Debug|Any CPU.Build.0 = Debug|Any CPU
		{B70D5EAF-65A6-431E-8361-655998CD71BF}.Release|Any CPU.ActiveCfg = Release|Any CPU
		{B70D5EAF-65A6-431E-8361-655998CD71BF}.Release|Any CPU.Build.0 = Release|Any CPU
		{4768ADED-8205-4713-A479-C82706040D05}.Debug|Any CPU.ActiveCfg = Debug|Any CPU
		{4768ADED-8205-4713-A479-C82706040D05}.Debug|Any CPU.Build.0 = Debug|Any CPU
		{4768ADED-8205-4713-A479-C82706040D05}.Release|Any CPU.ActiveCfg = Release|Any CPU
		{4768ADED-8205-4713-A479-C82706040D05}.Release|Any CPU.Build.0 = Release|Any CPU
		{246D385E-60D3-4B9B-BEEE-5662FB5D9189}.Debug|Any CPU.ActiveCfg = Debug|Any CPU
		{246D385E-60D3-4B9B-BEEE-5662FB5D9189}.Debug|Any CPU.Build.0 = Debug|Any CPU
		{246D385E-60D3-4B9B-BEEE-5662FB5D9189}.Release|Any CPU.ActiveCfg = Release|Any CPU
		{246D385E-60D3-4B9B-BEEE-5662FB5D9189}.Release|Any CPU.Build.0 = Release|Any CPU
		{3D9AAE5C-7068-486E-B073-7011E7C43C6F}.Debug|Any CPU.ActiveCfg = Debug|Any CPU
		{3D9AAE5C-7068-486E-B073-7011E7C43C6F}.Debug|Any CPU.Build.0 = Debug|Any CPU
		{3D9AAE5C-7068-486E-B073-7011E7C43C6F}.Release|Any CPU.ActiveCfg = Release|Any CPU
		{3D9AAE5C-7068-486E-B073-7011E7C43C6F}.Release|Any CPU.Build.0 = Release|Any CPU
	EndGlobalSection
	GlobalSection(SolutionProperties) = preSolution
		HideSolutionNode = FALSE
	EndGlobalSection
EndGlobal
